
Microsoft Visual Studio Solution File, Format Version 12.00
# Visual Studio Version 17
VisualStudioVersion = 17.14.37710.0
MinimumVisualStudioVersion = 10.0.40219.1
Project("{8BC9CEB8-8B4A-11D0-8D11-00A0C91BC942}") = "PortAssist", "PortAssist\PortAssist.vcxproj", "{1090B1CA-5622-426B-B332-435B14B6A169}"
	ProjectSection(ProjectDependencies) = postProject
		{B2C5F8D1-4A3E-4F2B-9C6D-7E8F1A2B3C4D} = {B2C5F8D1-4A3E-4F2B-9C6D-7E8F1A2B3C4D}
	EndProjectSection
EndProject
Project("{8BC9CEB8-8B4A-11D0-8D11-00A0C91BC942}") = "ClientModified", "32to64\ClientModified\ClientModified.vcxproj", "{FA479A7B-A19D-448D-AC80-F7971F690743}"
	ProjectSection(ProjectDependencies) = postProject
		{30FF8FB1-AD93-46C5-AD38-2CC8C8634B57} = {30FF8FB1-AD93-46C5-AD38-2CC8C8634B57}
	EndProjectSection
EndProject
Project("{8BC9CEB8-8B4A-11D0-8D11-00A0C91BC942}") = "Client", "32to64\Client\Client.vcxproj", "{6EB6C321-0996-4930-83DF-1E6CE2ABE5C9}"
	ProjectSection(ProjectDependencies) = postProject
		{37E21150-9CC2-4D65-97FA-AB8ACC8BBE67} = {37E21150-9CC2-4D65-97FA-AB8ACC8BBE67}
	EndProjectSection
EndProject
Project("{8BC9CEB8-8B4A-11D0-8D11-00A0C91BC942}") = "COMServer", "32to64\COMServer\COMServer.vcxproj", "{30FF8FB1-AD93-46C5-AD38-2CC8C8634B57}"
	ProjectSection(ProjectDependencies) = postProject
		{37E21150-9CC2-4D65-97FA-AB8ACC8BBE67} = {37E21150-9CC2-4D65-97FA-AB8ACC8BBE67}
	EndProjectSection
EndProject
Project("{8BC9CEB8-8B4A-11D0-8D11-00A0C91BC942}") = "Server", "32to64\Server\Server.vcxproj", "{37E21150-9CC2-4D65-97FA-AB8ACC8BBE67}"
EndProject
Project("{8BC9CEB8-8B4A-11D0-8D11-00A0C91BC942}") = "COMServerPS", "32to64\COMServer\COMServerPS.vcxproj", "{E6E52861-59BB-4F9E-AAB0-B90B780AD167}"
	ProjectSection(ProjectDependencies) = postProject
		{30FF8FB1-AD93-46C5-AD38-2CC8C8634B57} = {30FF8FB1-AD93-46C5-AD38-2CC8C8634B57}
	EndProjectSection
EndProject
Project("{2150E333-8FDC-42A3-9474-1A3956D46DE8}") = "Original", "Original", "{02EA681E-C7D8-13C7-8484-4AC65E1B71E8}"
EndProject
Project("{2150E333-8FDC-42A3-9474-1A3956D46DE8}") = "Modified", "Modified", "{37D4DF95-2F63-4670-81CE-30CED12F6F42}"
EndProject
Project("{8BC9CEB8-8B4A-11D0-8D11-00A0C91BC942}") = "Genie", "Genie\GenieApp.vcxproj", "{9C63E448-CA99-4E71-BC70-256AE4C326D8}"
	ProjectSection(ProjectDependencies) = postProject
		{B2C5F8D1-4A3E-4F2B-9C6D-7E8F1A2B3C4D} = {B2C5F8D1-4A3E-4F2B-9C6D-7E8F1A2B3C4D}
	EndProjectSection
EndProject
Project("{8BC9CEB8-8B4A-11D0-8D11-00A0C91BC942}") = "PortingLib", "PortingLib\PortingLib.vcxproj", "{B2C5F8D1-4A3E-4F2B-9C6D-7E8F1A2B3C4D}"
EndProject
Global
	GlobalSection(SolutionConfigurationPlatforms) = preSolution
		Debug|x64 = Debug|x64
		Debug|x86 = Debug|x86
		Release|x64 = Release|x64
		Release|x86 = Release|x86
	EndGlobalSection
	GlobalSection(ProjectConfigurationPlatforms) = postSolution
		{1090B1CA-5622-426B-B332-435B14B6A169}.Debug|x64.ActiveCfg = Debug|x64
		{1090B1CA-5622-426B-B332-435B14B6A169}.Debug|x64.Build.0 = Debug|x64
		{1090B1CA-5622-426B-B332-435B14B6A169}.Debug|x86.ActiveCfg = Debug|Win32
		{1090B1CA-5622-426B-B332-435B14B6A169}.Debug|x86.Build.0 = Debug|Win32
		{1090B1CA-5622-426B-B332-435B14B6A169}.Release|x64.ActiveCfg = Release|x64
		{1090B1CA-5622-426B-B332-435B14B6A169}.Release|x64.Build.0 = Release|x64
		{1090B1CA-5622-426B-B332-435B14B6A169}.Release|x86.ActiveCfg = Release|Win32
		{1090B1CA-5622-426B-B332-435B14B6A169}.Release|x86.Build.0 = Release|Win32
		{FA479A7B-A19D-448D-AC80-F7971F690743}.Debug|x64.ActiveCfg = Debug|Win32
		{FA479A7B-A19D-448D-AC80-F7971F690743}.Debug|x64.Build.0 = Debug|Win32
		{FA479A7B-A19D-448D-AC80-F7971F690743}.Debug|x86.ActiveCfg = Debug|Win32
		{FA479A7B-A19D-448D-AC80-F7971F690743}.Debug|x86.Build.0 = Debug|Win32
		{FA479A7B-A19D-448D-AC80-F7971F690743}.Release|x64.ActiveCfg = Release|x64
		{FA479A7B-A19D-448D-AC80-F7971F690743}.Release|x64.Build.0 = Release|x64
		{FA479A7B-A19D-448D-AC80-F7971F690743}.Release|x86.ActiveCfg = Release|Win32
		{FA479A7B-A19D-448D-AC80-F7971F690743}.Release|x86.Build.0 = Release|Win32
		{6EB6C321-0996-4930-83DF-1E6CE2ABE5C9}.Debug|x64.ActiveCfg = Debug|Win32
		{6EB6C321-0996-4930-83DF-1E6CE2ABE5C9}.Debug|x64.Build.0 = Debug|Win32
		{6EB6C321-0996-4930-83DF-1E6CE2ABE5C9}.Debug|x86.ActiveCfg = Debug|Win32
		{6EB6C321-0996-4930-83DF-1E6CE2ABE5C9}.Debug|x86.Build.0 = Debug|Win32
		{6EB6C321-0996-4930-83DF-1E6CE2ABE5C9}.Release|x64.ActiveCfg = Release|Win32
		{6EB6C321-0996-4930-83DF-1E6CE2ABE5C9}.Release|x64.Build.0 = Release|Win32
		{6EB6C321-0996-4930-83DF-1E6CE2ABE5C9}.Release|x86.ActiveCfg = Release|Win32
		{6EB6C321-0996-4930-83DF-1E6CE2ABE5C9}.Release|x86.Build.0 = Release|Win32
		{30FF8FB1-AD93-46C5-AD38-2CC8C8634B57}.Debug|x64.ActiveCfg = Debug|Win32
		{30FF8FB1-AD93-46C5-AD38-2CC8C8634B57}.Debug|x64.Build.0 = Debug|Win32
		{30FF8FB1-AD93-46C5-AD38-2CC8C8634B57}.Debug|x86.ActiveCfg = Debug|Win32
		{30FF8FB1-AD93-46C5-AD38-2CC8C8634B57}.Debug|x86.Build.0 = Debug|Win32
		{30FF8FB1-AD93-46C5-AD38-2CC8C8634B57}.Release|x64.ActiveCfg = Release|Win32
		{30FF8FB1-AD93-46C5-AD38-2CC8C8634B57}.Release|x64.Build.0 = Release|Win32
		{30FF8FB1-AD93-46C5-AD38-2CC8C8634B57}.Release|x86.ActiveCfg = Release|Win32
		{30FF8FB1-AD93-46C5-AD38-2CC8C8634B57}.Release|x86.Build.0 = Release|Win32
		{37E21150-9CC2-4D65-97FA-AB8ACC8BBE67}.Debug|x64.ActiveCfg = Debug|Win32
		{37E21150-9CC2-4D65-97FA-AB8ACC8BBE67}.Debug|x64.Build.0 = Debug|Win32
		{37E21150-9CC2-4D65-97FA-AB8ACC8BBE67}.Debug|x86.ActiveCfg = Debug|Win32
		{37E21150-9CC2-4D65-97FA-AB8ACC8BBE67}.Debug|x86.Build.0 = Debug|Win32
		{37E21150-9CC2-4D65-97FA-AB8ACC8BBE67}.Release|x64.ActiveCfg = Release|Win32
		{37E21150-9CC2-4D65-97FA-AB8ACC8BBE67}.Release|x64.Build.0 = Release|Win32
		{37E21150-9CC2-4D65-97FA-AB8ACC8BBE67}.Release|x86.ActiveCfg = Release|Win32
		{37E21150-9CC2-4D65-97FA-AB8ACC8BBE67}.Release|x86.Build.0 = Release|Win32
		{E6E52861-59BB-4F9E-AAB0-B90B780AD167}.Debug|x64.ActiveCfg = Debug|Win32
		{E6E52861-59BB-4F9E-AAB0-B90B780AD167}.Debug|x64.Build.0 = Debug|Win32
		{E6E52861-59BB-4F9E-AAB0-B90B780AD167}.Debug|x86.ActiveCfg = Debug|Win32
		{E6E52861-59BB-4F9E-AAB0-B90B780AD167}.Debug|x86.Build.0 = Debug|Win32
		{E6E52861-59BB-4F9E-AAB0-B90B780AD167}.Release|x64.ActiveCfg = Release|Win32
		{E6E52861-59BB-4F9E-AAB0-B90B780AD167}.Release|x64.Build.0 = Release|Win32
		{E6E52861-59BB-4F9E-AAB0-B90B780AD167}.Release|x86.ActiveCfg = Release|Win32
		{E6E52861-59BB-4F9E-AAB0-B90B780AD167}.Release|x86.Build.0 = Release|Win32
		{9C63E448-CA99-4E71-BC70-256AE4C326D8}.Debug|x64.ActiveCfg = Debug|Win32
		{9C63E448-CA99-4E71-BC70-256AE4C326D8}.Debug|x64.Build.0 = Debug|Win32
		{9C63E448-CA99-4E71-BC70-256AE4C326D8}.Debug|x86.ActiveCfg = Debug|Win32
		{9C63E448-CA99-4E71-BC70-256AE4C326D8}.Debug|x86.Build.0 = Debug|Win32
		{9C63E448-CA99-4E71-BC70-256AE4C326D8}.Release|x64.ActiveCfg = Release|Win32
		{9C63E448-CA99-4E71-BC70-256AE4C326D8}.Release|x64.Build.0 = Release|Win32
		{9C63E448-CA99-4E71-BC70-256AE4C326D8}.Release|x86.ActiveCfg = Release|Win32
		{9C63E448-CA99-4E71-BC70-256AE4C326D8}.Release|x86.Build.0 = Release|Win32
		{B2C5F8D1-4A3E-4F2B-9C6D-7E8F1A2B3C4D}.Debug|x64.ActiveCfg = Debug|x64
		{B2C5F8D1-4A3E-4F2B-9C6D-7E8F1A2B3C4D}.Debug|x64.Build.0 = Debug|x64
		{B2C5F8D1-4A3E-4F2B-9C6D-7E8F1A2B3C4D}.Debug|x86.ActiveCfg = Debug|Win32
		{B2C5F8D1-4A3E-4F2B-9C6D-7E8F1A2B3C4D}.Debug|x86.Build.0 = Debug|Win32
		{B2C5F8D1-4A3E-4F2B-9C6D-7E8F1A2B3C4D}.Release|x64.ActiveCfg = Release|x64
		{B2C5F8D1-4A3E-4F2B-9C6D-7E8F1A2B3C4D}.Release|x64.Build.0 = Release|x64
		{B2C5F8D1-4A3E-4F2B-9C6D-7E8F1A2B3C4D}.Release|x86.ActiveCfg = Release|Win32
		{B2C5F8D1-4A3E-4F2B-9C6D-7E8F1A2B3C4D}.Release|x86.Build.0 = Release|Win32
	EndGlobalSection
	GlobalSection(SolutionProperties) = preSolution
		HideSolutionNode = FALSE
	EndGlobalSection
	GlobalSection(NestedProjects) = preSolution
		{FA479A7B-A19D-448D-AC80-F7971F690743} = {37D4DF95-2F63-4670-81CE-30CED12F6F42}
		{6EB6C321-0996-4930-83DF-1E6CE2ABE5C9} = {02EA681E-C7D8-13C7-8484-4AC65E1B71E8}
		{30FF8FB1-AD93-46C5-AD38-2CC8C8634B57} = {37D4DF95-2F63-4670-81CE-30CED12F6F42}
		{37E21150-9CC2-4D65-97FA-AB8ACC8BBE67} = {02EA681E-C7D8-13C7-8484-4AC65E1B71E8}
		{E6E52861-59BB-4F9E-AAB0-B90B780AD167} = {37D4DF95-2F63-4670-81CE-30CED12F6F42}
	EndGlobalSection
	GlobalSection(ExtensibilityGlobals) = postSolution
		SolutionGuid = {4C24311C-8895-4995-A89B-4A454ECC17F2}
	EndGlobalSection
EndGlobal
