<?xml version="1.0" encoding="utf-8"?>
<Project ToolsVersion="4.0" xmlns="http://schemas.microsoft.com/developer/msbuild/2003">
  <ItemGroup>
    <ClCompile Include="FixAPI.cpp">
      <Filter>Source Files</Filter>
    </ClCompile>
    <ClCompile Include="FlexParser.cpp">
      <Filter>Source Files</Filter>
    </ClCompile>
    <ClCompile Include="GenieApp.cpp">
      <Filter>Source Files</Filter>
    </ClCompile>
    <ClCompile Include="GenieMainDlg.cpp">
      <Filter>Source Files</Filter>
    </ClCompile>
    <ClCompile Include="StdAfx.cpp">
      <Filter>Source Files</Filter>
    </ClCompile>
    <ClCompile Include="FileUtils.cpp">
      <Filter>Source Files</Filter>
    </ClCompile>
  </ItemGroup>
  <ItemGroup>
    <ClInclude Include="Resource.h">
      <Filter>Resource Files</Filter>
    </ClInclude>
    <ClInclude Include="FixAPI.h">
      <Filter>Header Files</Filter>
    </ClInclude>
    <ClInclude Include="GenieMainDlg.h">
      <Filter>Header Files</Filter>
    </ClInclude>
    <ClInclude Include="FlexParser.h">
      <Filter>Header Files</Filter>
    </ClInclude>
    <ClInclude Include="GenieApp.h">
      <Filter>Header Files</Filter>
    </ClInclude>
    <ClInclude Include="MiniC.h">
      <Filter>Header Files</Filter>
    </ClInclude>
    <ClInclude Include="StdAfx.h">
      <Filter>Header Files</Filter>
    </ClInclude>
    <ClInclude Include="..\unistd.h">
      <Filter>Header Files</Filter>
    </ClInclude>
  </ItemGroup>
  <ItemGroup>
    <Filter Include="Resource Files">
      <UniqueIdentifier>{a5c19dea-08fa-4543-a3ad-838f5f4fbf06}</UniqueIdentifier>
    </Filter>
    <Filter Include="Source Files">
      <UniqueIdentifier>{cf1caac7-b9f6-40f0-b2cb-c462705c82e8}</UniqueIdentifier>
    </Filter>
    <Filter Include="Header Files">
      <UniqueIdentifier>{ff528521-0d1e-4922-812a-0f02cd311807}</UniqueIdentifier>
    </Filter>
    <Filter Include="Flex Files">
      <UniqueIdentifier>{20873f83-983b-4a29-b26b-8c017df173d0}</UniqueIdentifier>
    </Filter>
  </ItemGroup>
  <ItemGroup>
    <ResourceCompile Include="Genie.rc">
      <Filter>Resource Files</Filter>
    </ResourceCompile>
  </ItemGroup>
  <ItemGroup>
    <None Include="res\Genie.ico">
      <Filter>Resource Files</Filter>
    </None>
  </ItemGroup>
  <ItemGroup>
    <CustomBuild Include="res\Genie.rc2">
      <Filter>Resource Files</Filter>
    </CustomBuild>
  </ItemGroup>
  <ItemGroup>
    <Flex Include="MiniC.l">
      <Filter>Flex Files</Filter>
    </Flex>
  </ItemGroup>
  <ItemGroup>
    <Image Include="res\Genie.ico" />
  </ItemGroup>
</Project>